// !$*UTF8*$!
{
	archiveVersion = 1;
	classes = {
	};
	objectVersion = 46;
	objects = {

/* Begin PBXBuildFile section */
		711E6B181CD26630008D6789 /* main.m in Sources */ = {isa = PBXBuildFile; fileRef = 711E6B171CD26630008D6789 /* main.m */; };
		711E6B1B1CD26630008D6789 /* AppDelegate.m in Sources */ = {isa = PBXBuildFile; fileRef = 711E6B1A1CD26630008D6789 /* AppDelegate.m */; };
		711E6B231CD26630008D6789 /* Assets.xcassets in Resources */ = {isa = PBXBuildFile; fileRef = 711E6B221CD26630008D6789 /* Assets.xcassets */; };
		711E6B261CD26630008D6789 /* LaunchScreen.storyboard in Resources */ = {isa = PBXBuildFile; fileRef = 711E6B241CD26630008D6789 /* LaunchScreen.storyboard */; };
		711E6B301CD2667B008D6789 /* FirstViewController.m in Sources */ = {isa = PBXBuildFile; fileRef = 711E6B2E1CD2667B008D6789 /* FirstViewController.m */; };
		711E6B311CD2667B008D6789 /* FirstViewController.xib in Resources */ = {isa = PBXBuildFile; fileRef = 711E6B2F1CD2667B008D6789 /* FirstViewController.xib */; };
		711E6B351CD266A0008D6789 /* SecondViewController.m in Sources */ = {isa = PBXBuildFile; fileRef = 711E6B331CD266A0008D6789 /* SecondViewController.m */; };
		711E6B361CD266A0008D6789 /* SecondViewController.xib in Resources */ = {isa = PBXBuildFile; fileRef = 711E6B341CD266A0008D6789 /* SecondViewController.xib */; };
		711E6B3A1CD266E9008D6789 /* ThirdViewController.m in Sources */ = {isa = PBXBuildFile; fileRef = 711E6B381CD266E9008D6789 /* ThirdViewController.m */; };
		711E6B3B1CD266E9008D6789 /* ThirdViewController.xib in Resources */ = {isa = PBXBuildFile; fileRef = 711E6B391CD266E9008D6789 /* ThirdViewController.xib */; };
		711E6B3F1CD266FD008D6789 /* FourthViewController.m in Sources */ = {isa = PBXBuildFile; fileRef = 711E6B3D1CD266FD008D6789 /* FourthViewController.m */; };
		711E6B401CD266FD008D6789 /* FourthViewController.xib in Resources */ = {isa = PBXBuildFile; fileRef = 711E6B3E1CD266FD008D6789 /* FourthViewController.xib */; };
		711E6B441CD26713008D6789 /* FifthViewController.m in Sources */ = {isa = PBXBuildFile; fileRef = 711E6B421CD26713008D6789 /* FifthViewController.m */; };
		711E6B451CD26713008D6789 /* FifthViewController.xib in Resources */ = {isa = PBXBuildFile; fileRef = 711E6B431CD26713008D6789 /* FifthViewController.xib */; };
		711E6B491CD26746008D6789 /* InsertViewController.m in Sources */ = {isa = PBXBuildFile; fileRef = 711E6B471CD26746008D6789 /* InsertViewController.m */; };
		711E6B4A1CD26746008D6789 /* InsertViewController.xib in Resources */ = {isa = PBXBuildFile; fileRef = 711E6B481CD26746008D6789 /* InsertViewController.xib */; };
		711E6B4D1CD2F18C008D6789 /* GlobalKit.m in Sources */ = {isa = PBXBuildFile; fileRef = 711E6B4C1CD2F18C008D6789 /* GlobalKit.m */; };
/* End PBXBuildFile section */

/* Begin PBXFileReference section */
		711E6B131CD26630008D6789 /* MoreNavigation.app */ = {isa = PBXFileReference; explicitFileType = wrapper.application; includeInIndex = 0; path = MoreNavigation.app; sourceTree = BUILT_PRODUCTS_DIR; };
		711E6B171CD26630008D6789 /* main.m */ = {isa = PBXFileReference; lastKnownFileType = sourcecode.c.objc; path = main.m; sourceTree = "<group>"; };
		711E6B191CD26630008D6789 /* AppDelegate.h */ = {isa = PBXFileReference; lastKnownFileType = sourcecode.c.h; path = AppDelegate.h; sourceTree = "<group>"; };
		711E6B1A1CD26630008D6789 /* AppDelegate.m */ = {isa = PBXFileReference; lastKnownFileType = sourcecode.c.objc; path = AppDelegate.m; sourceTree = "<group>"; };
		711E6B221CD26630008D6789 /* Assets.xcassets */ = {isa = PBXFileReference; lastKnownFileType = folder.assetcatalog; path = Assets.xcassets; sourceTree = "<group>"; };
		711E6B251CD26630008D6789 /* Base */ = {isa = PBXFileReference; lastKnownFileType = file.storyboard; name = Base; path = Base.lproj/LaunchScreen.storyboard; sourceTree = "<group>"; };
		711E6B271CD26630008D6789 /* Info.plist */ = {isa = PBXFileReference; lastKnownFileType = text.plist.xml; path = Info.plist; sourceTree = "<group>"; };
		711E6B2D1CD2667B008D6789 /* FirstViewController.h */ = {isa = PBXFileReference; fileEncoding = 4; lastKnownFileType = sourcecode.c.h; path = FirstViewController.h; sourceTree = "<group>"; };
		711E6B2E1CD2667B008D6789 /* FirstViewController.m */ = {isa = PBXFileReference; fileEncoding = 4; lastKnownFileType = sourcecode.c.objc; path = FirstViewController.m; sourceTree = "<group>"; };
		711E6B2F1CD2667B008D6789 /* FirstViewController.xib */ = {isa = PBXFileReference; fileEncoding = 4; lastKnownFileType = file.xib; path = FirstViewController.xib; sourceTree = "<group>"; };
		711E6B321CD266A0008D6789 /* SecondViewController.h */ = {isa = PBXFileReference; fileEncoding = 4; lastKnownFileType = sourcecode.c.h; path = SecondViewController.h; sourceTree = "<group>"; };
		711E6B331CD266A0008D6789 /* SecondViewController.m */ = {isa = PBXFileReference; fileEncoding = 4; lastKnownFileType = sourcecode.c.objc; path = SecondViewController.m; sourceTree = "<group>"; };
		711E6B341CD266A0008D6789 /* SecondViewController.xib */ = {isa = PBXFileReference; fileEncoding = 4; lastKnownFileType = file.xib; path = SecondViewController.xib; sourceTree = "<group>"; };
		711E6B371CD266E9008D6789 /* ThirdViewController.h */ = {isa = PBXFileReference; fileEncoding = 4; lastKnownFileType = sourcecode.c.h; path = ThirdViewController.h; sourceTree = "<group>"; };
		711E6B381CD266E9008D6789 /* ThirdViewController.m */ = {isa = PBXFileReference; fileEncoding = 4; lastKnownFileType = sourcecode.c.objc; path = ThirdViewController.m; sourceTree = "<group>"; };
		711E6B391CD266E9008D6789 /* ThirdViewController.xib */ = {isa = PBXFileReference; fileEncoding = 4; lastKnownFileType = file.xib; path = ThirdViewController.xib; sourceTree = "<group>"; };
		711E6B3C1CD266FD008D6789 /* FourthViewController.h */ = {isa = PBXFileReference; fileEncoding = 4; lastKnownFileType = sourcecode.c.h; path = FourthViewController.h; sourceTree = "<group>"; };
		711E6B3D1CD266FD008D6789 /* FourthViewController.m */ = {isa = PBXFileReference; fileEncoding = 4; lastKnownFileType = sourcecode.c.objc; path = FourthViewController.m; sourceTree = "<group>"; };
		711E6B3E1CD266FD008D6789 /* FourthViewController.xib */ = {isa = PBXFileReference; fileEncoding = 4; lastKnownFileType = file.xib; path = FourthViewController.xib; sourceTree = "<group>"; };
		711E6B411CD26713008D6789 /* FifthViewController.h */ = {isa = PBXFileReference; fileEncoding = 4; lastKnownFileType = sourcecode.c.h; path = FifthViewController.h; sourceTree = "<group>"; };
		711E6B421CD26713008D6789 /* FifthViewController.m */ = {isa = PBXFileReference; fileEncoding = 4; lastKnownFileType = sourcecode.c.objc; path = FifthViewController.m; sourceTree = "<group>"; };
		711E6B431CD26713008D6789 /* FifthViewController.xib */ = {isa = PBXFileReference; fileEncoding = 4; lastKnownFileType = file.xib; path = FifthViewController.xib; sourceTree = "<group>"; };
		711E6B461CD26746008D6789 /* InsertViewController.h */ = {isa = PBXFileReference; fileEncoding = 4; lastKnownFileType = sourcecode.c.h; path = InsertViewController.h; sourceTree = "<group>"; };
		711E6B471CD26746008D6789 /* InsertViewController.m */ = {isa = PBXFileReference; fileEncoding = 4; lastKnownFileType = sourcecode.c.objc; path = InsertViewController.m; sourceTree = "<group>"; };
		711E6B481CD26746008D6789 /* InsertViewController.xib */ = {isa = PBXFileReference; fileEncoding = 4; lastKnownFileType = file.xib; path = InsertViewController.xib; sourceTree = "<group>"; };
		711E6B4B1CD2F18C008D6789 /* GlobalKit.h */ = {isa = PBXFileReference; fileEncoding = 4; lastKnownFileType = sourcecode.c.h; path = GlobalKit.h; sourceTree = "<group>"; };
		711E6B4C1CD2F18C008D6789 /* GlobalKit.m */ = {isa = PBXFileReference; fileEncoding = 4; lastKnownFileType = sourcecode.c.objc; path = GlobalKit.m; sourceTree = "<group>"; };
/* End PBXFileReference section */

/* Begin PBXFrameworksBuildPhase section */
		711E6B101CD26630008D6789 /* Frameworks */ = {
			isa = PBXFrameworksBuildPhase;
			buildActionMask = 2147483647;
			files = (
			);
			runOnlyForDeploymentPostprocessing = 0;
		};
/* End PBXFrameworksBuildPhase section */

/* Begin PBXGroup section */
		711E6B0A1CD26630008D6789 = {
			isa = PBXGroup;
			children = (
				711E6B151CD26630008D6789 /* MoreNavigation */,
				711E6B141CD26630008D6789 /* Products */,
			);
			sourceTree = "<group>";
		};
		711E6B141CD26630008D6789 /* Products */ = {
			isa = PBXGroup;
			children = (
				711E6B131CD26630008D6789 /* MoreNavigation.app */,
			);
			name = Products;
			sourceTree = "<group>";
		};
		711E6B151CD26630008D6789 /* MoreNavigation */ = {
			isa = PBXGroup;
			children = (
				711E6B191CD26630008D6789 /* AppDelegate.h */,
				711E6B1A1CD26630008D6789 /* AppDelegate.m */,
				711E6B2D1CD2667B008D6789 /* FirstViewController.h */,
				711E6B2E1CD2667B008D6789 /* FirstViewController.m */,
				711E6B2F1CD2667B008D6789 /* FirstViewController.xib */,
				711E6B321CD266A0008D6789 /* SecondViewController.h */,
				711E6B331CD266A0008D6789 /* SecondViewController.m */,
				711E6B341CD266A0008D6789 /* SecondViewController.xib */,
				711E6B371CD266E9008D6789 /* ThirdViewController.h */,
				711E6B381CD266E9008D6789 /* ThirdViewController.m */,
				711E6B391CD266E9008D6789 /* ThirdViewController.xib */,
				711E6B3C1CD266FD008D6789 /* FourthViewController.h */,
				711E6B3D1CD266FD008D6789 /* FourthViewController.m */,
				711E6B3E1CD266FD008D6789 /* FourthViewController.xib */,
				711E6B411CD26713008D6789 /* FifthViewController.h */,
				711E6B421CD26713008D6789 /* FifthViewController.m */,
				711E6B431CD26713008D6789 /* FifthViewController.xib */,
				711E6B461CD26746008D6789 /* InsertViewController.h */,
				711E6B471CD26746008D6789 /* InsertViewController.m */,
				711E6B481CD26746008D6789 /* InsertViewController.xib */,
				711E6B4B1CD2F18C008D6789 /* GlobalKit.h */,
				711E6B4C1CD2F18C008D6789 /* GlobalKit.m */,
				711E6B221CD26630008D6789 /* Assets.xcassets */,
				711E6B241CD26630008D6789 /* LaunchScreen.storyboard */,
				711E6B271CD26630008D6789 /* Info.plist */,
				711E6B161CD26630008D6789 /* Supporting Files */,
			);
			path = MoreNavigation;
			sourceTree = "<group>";
		};
		711E6B161CD26630008D6789 /* Supporting Files */ = {
			isa = PBXGroup;
			children = (
				711E6B171CD26630008D6789 /* main.m */,
			);
			name = "Supporting Files";
			sourceTree = "<group>";
		};
/* End PBXGroup section */

/* Begin PBXNativeTarget section */
		711E6B121CD26630008D6789 /* MoreNavigation */ = {
			isa = PBXNativeTarget;
			buildConfigurationList = 711E6B2A1CD26630008D6789 /* Build configuration list for PBXNativeTarget "MoreNavigation" */;
			buildPhases = (
				711E6B0F1CD26630008D6789 /* Sources */,
				711E6B101CD26630008D6789 /* Frameworks */,
				711E6B111CD26630008D6789 /* Resources */,
			);
			buildRules = (
			);
			dependencies = (
			);
			name = MoreNavigation;
			productName = MoreNavigation;
			productReference = 711E6B131CD26630008D6789 /* MoreNavigation.app */;
			productType = "com.apple.product-type.application";
		};
/* End PBXNativeTarget section */

/* Begin PBXProject section */
		711E6B0B1CD26630008D6789 /* Project object */ = {
			isa = PBXProject;
			attributes = {
				LastUpgradeCheck = 0720;
				ORGANIZATIONNAME = chenyufengweb;
				TargetAttributes = {
					711E6B121CD26630008D6789 = {
						CreatedOnToolsVersion = 7.2;
					};
				};
			};
			buildConfigurationList = 711E6B0E1CD26630008D6789 /* Build configuration list for PBXProject "MoreNavigation" */;
			compatibilityVersion = "Xcode 3.2";
			developmentRegion = English;
			hasScannedForEncodings = 0;
			knownRegions = (
				en,
				Base,
			);
			mainGroup = 711E6B0A1CD26630008D6789;
			productRefGroup = 711E6B141CD26630008D6789 /* Products */;
			projectDirPath = "";
			projectRoot = "";
			targets = (
				711E6B121CD26630008D6789 /* MoreNavigation */,
			);
		};
/* End PBXProject section */

/* Begin PBXResourcesBuildPhase section */
		711E6B111CD26630008D6789 /* Resources */ = {
			isa = PBXResourcesBuildPhase;
			buildActionMask = 2147483647;
			files = (
				711E6B361CD266A0008D6789 /* SecondViewController.xib in Resources */,
				711E6B261CD26630008D6789 /* LaunchScreen.storyboard in Resources */,
				711E6B311CD2667B008D6789 /* FirstViewController.xib in Resources */,
				711E6B3B1CD266E9008D6789 /* ThirdViewController.xib in Resources */,
				711E6B401CD266FD008D6789 /* FourthViewController.xib in Resources */,
				711E6B4A1CD26746008D6789 /* InsertViewController.xib in Resources */,
				711E6B451CD26713008D6789 /* FifthViewController.xib in Resources */,
				711E6B231CD26630008D6789 /* Assets.xcassets in Resources */,
			);
			runOnlyForDeploymentPostprocessing = 0;
		};
/* End PBXResourcesBuildPhase section */

/* Begin PBXSourcesBuildPhase section */
		711E6B0F1CD26630008D6789 /* Sources */ = {
			isa = PBXSourcesBuildPhase;
			buildActionMask = 2147483647;
			files = (
				711E6B4D1CD2F18C008D6789 /* GlobalKit.m in Sources */,
				711E6B3F1CD266FD008D6789 /* FourthViewController.m in Sources */,
				711E6B351CD266A0008D6789 /* SecondViewController.m in Sources */,
				711E6B3A1CD266E9008D6789 /* ThirdViewController.m in Sources */,
				711E6B1B1CD26630008D6789 /* AppDelegate.m in Sources */,
				711E6B301CD2667B008D6789 /* FirstViewController.m in Sources */,
				711E6B491CD26746008D6789 /* InsertViewController.m in Sources */,
				711E6B441CD26713008D6789 /* FifthViewController.m in Sources */,
				711E6B181CD26630008D6789 /* main.m in Sources */,
			);
			runOnlyForDeploymentPostprocessing = 0;
		};
/* End PBXSourcesBuildPhase section */

/* Begin PBXVariantGroup section */
		711E6B241CD26630008D6789 /* LaunchScreen.storyboard */ = {
			isa = PBXVariantGroup;
			children = (
				711E6B251CD26630008D6789 /* Base */,
			);
			name = LaunchScreen.storyboard;
			sourceTree = "<group>";
		};
/* End PBXVariantGroup section */

/* Begin XCBuildConfiguration section */
		711E6B281CD26630008D6789 /* Debug */ = {
			isa = XCBuildConfiguration;
			buildSettings = {
				ALWAYS_SEARCH_USER_PATHS = NO;
				CLANG_CXX_LANGUAGE_STANDARD = "gnu++0x";
				CLANG_CXX_LIBRARY = "libc++";
				CLANG_ENABLE_MODULES = YES;
				CLANG_ENABLE_OBJC_ARC = YES;
				CLANG_WARN_BOOL_CONVERSION = YES;
				CLANG_WARN_CONSTANT_CONVERSION = YES;
				CLANG_WARN_DIRECT_OBJC_ISA_USAGE = YES_ERROR;
				CLANG_WARN_EMPTY_BODY = YES;
				CLANG_WARN_ENUM_CONVERSION = YES;
				CLANG_WARN_INT_CONVERSION = YES;
				CLANG_WARN_OBJC_ROOT_CLASS = YES_ERROR;
				CLANG_WARN_UNREACHABLE_CODE = YES;
				CLANG_WARN__DUPLICATE_METHOD_MATCH = YES;
				"CODE_SIGN_IDENTITY[sdk=iphoneos*]" = "iPhone Developer";
				COPY_PHASE_STRIP = NO;
				DEBUG_INFORMATION_FORMAT = dwarf;
				ENABLE_STRICT_OBJC_MSGSEND = YES;
				ENABLE_TESTABILITY = YES;
				GCC_C_LANGUAGE_STANDARD = gnu99;
				GCC_DYNAMIC_NO_PIC = NO;
				GCC_NO_COMMON_BLOCKS = YES;
				GCC_OPTIMIZATION_LEVEL = 0;
				GCC_PREPROCESSOR_DEFINITIONS = (
					"DEBUG=1",
					"$(inherited)",
				);
				GCC_WARN_64_TO_32_BIT_CONVERSION = YES;
				GCC_WARN_ABOUT_RETURN_TYPE = YES_ERROR;
				GCC_WARN_UNDECLARED_SELECTOR = YES;
				GCC_WARN_UNINITIALIZED_AUTOS = YES_AGGRESSIVE;
				GCC_WARN_UNUSED_FUNCTION = YES;
				GCC_WARN_UNUSED_VARIABLE = YES;
				IPHONEOS_DEPLOYMENT_TARGET = 9.2;
				MTL_ENABLE_DEBUG_INFO = YES;
				ONLY_ACTIVE_ARCH = YES;
				SDKROOT = iphoneos;
				TARGETED_DEVICE_FAMILY = "1,2";
			};
			name = Debug;
		};
		711E6B291CD26630008D6789 /* Release */ = {
			isa = XCBuildConfiguration;
			buildSettings = {
				ALWAYS_SEARCH_USER_PATHS = NO;
				CLANG_CXX_LANGUAGE_STANDARD = "gnu++0x";
				CLANG_CXX_LIBRARY = "libc++";
				CLANG_ENABLE_MODULES = YES;
				CLANG_ENABLE_OBJC_ARC = YES;
				CLANG_WARN_BOOL_CONVERSION = YES;
				CLANG_WARN_CONSTANT_CONVERSION = YES;
				CLANG_WARN_DIRECT_OBJC_ISA_USAGE = YES_ERROR;
				CLANG_WARN_EMPTY_BODY = YES;
				CLANG_WARN_ENUM_CONVERSION = YES;
				CLANG_WARN_INT_CONVERSION = YES;
				CLANG_WARN_OBJC_ROOT_CLASS = YES_ERROR;
				CLANG_WARN_UNREACHABLE_CODE = YES;
				CLANG_WARN__DUPLICATE_METHOD_MATCH = YES;
				"CODE_SIGN_IDENTITY[sdk=iphoneos*]" = "iPhone Developer";
				COPY_PHASE_STRIP = NO;
				DEBUG_INFORMATION_FORMAT = "dwarf-with-dsym";
				ENABLE_NS_ASSERTIONS = NO;
				ENABLE_STRICT_OBJC_MSGSEND = YES;
				GCC_C_LANGUAGE_STANDARD = gnu99;
				GCC_NO_COMMON_BLOCKS = YES;
				GCC_WARN_64_TO_32_BIT_CONVERSION = YES;
				GCC_WARN_ABOUT_RETURN_TYPE = YES_ERROR;
				GCC_WARN_UNDECLARED_SELECTOR = YES;
				GCC_WARN_UNINITIALIZED_AUTOS = YES_AGGRESSIVE;
				GCC_WARN_UNUSED_FUNCTION = YES;
				GCC_WARN_UNUSED_VARIABLE = YES;
				IPHONEOS_DEPLOYMENT_TARGET = 9.2;
				MTL_ENABLE_DEBUG_INFO = NO;
				SDKROOT = iphoneos;
				TARGETED_DEVICE_FAMILY = "1,2";
				VALIDATE_PRODUCT = YES;
			};
			name = Release;
		};
		711E6B2B1CD26630008D6789 /* Debug */ = {
			isa = XCBuildConfiguration;
			buildSettings = {
				ASSETCATALOG_COMPILER_APPICON_NAME = AppIcon;
				INFOPLIST_FILE = MoreNavigation/Info.plist;
				LD_RUNPATH_SEARCH_PATHS = "$(inherited) @executable_path/Frameworks";
				PRODUCT_BUNDLE_IDENTIFIER = com.chenyufengweb.MoreNavigation;
				PRODUCT_NAME = "$(TARGET_NAME)";
			};
			name = Debug;
		};
		711E6B2C1CD26630008D6789 /* Release */ = {
			isa = XCBuildConfiguration;
			buildSettings = {
				ASSETCATALOG_COMPILER_APPICON_NAME = AppIcon;
				INFOPLIST_FILE = MoreNavigation/Info.plist;
				LD_RUNPATH_SEARCH_PATHS = "$(inherited) @executable_path/Frameworks";
				PRODUCT_BUNDLE_IDENTIFIER = com.chenyufengweb.MoreNavigation;
				PRODUCT_NAME = "$(TARGET_NAME)";
			};
			name = Release;
		};
/* End XCBuildConfiguration section */

/* Begin XCConfigurationList section */
		711E6B0E1CD26630008D6789 /* Build configuration list for PBXProject "MoreNavigation" */ = {
			isa = XCConfigurationList;
			buildConfigurations = (
				711E6B281CD26630008D6789 /* Debug */,
				711E6B291CD26630008D6789 /* Release */,
			);
			defaultConfigurationIsVisible = 0;
			defaultConfigurationName = Release;
		};
		711E6B2A1CD26630008D6789 /* Build configuration list for PBXNativeTarget "MoreNavigation" */ = {
			isa = XCConfigurationList;
			buildConfigurations = (
				711E6B2B1CD26630008D6789 /* Debug */,
				711E6B2C1CD26630008D6789 /* Release */,
			);
			defaultConfigurationIsVisible = 0;
			defaultConfigurationName = Release;
		};
/* End XCConfigurationList section */
	};
	rootObject = 711E6B0B1CD26630008D6789 /* Project object */;
}
